// !$*UTF8*$!
{
	archiveVersion = 1;
	classes = {
	};
	objectVersion = 50;
	objects = {

/* Begin PBXBuildFile section */
		910091562417416B00978EE7 /* Item+CoreDataClass.swift in Sources */ = {isa = PBXBuildFile; fileRef = 9100914E2417416B00978EE7 /* Item+CoreDataClass.swift */; };
		910091572417416B00978EE7 /* Item+CoreDataProperties.swift in Sources */ = {isa = PBXBuildFile; fileRef = 9100914F2417416B00978EE7 /* Item+CoreDataProperties.swift */; };
		910091582417416B00978EE7 /* Store+CoreDataClass.swift in Sources */ = {isa = PBXBuildFile; fileRef = 910091502417416B00978EE7 /* Store+CoreDataClass.swift */; };
		910091592417416B00978EE7 /* Store+CoreDataProperties.swift in Sources */ = {isa = PBXBuildFile; fileRef = 910091512417416B00978EE7 /* Store+CoreDataProperties.swift */; };
		9100915A2417416B00978EE7 /* ItemType+CoreDataClass.swift in Sources */ = {isa = PBXBuildFile; fileRef = 910091522417416B00978EE7 /* ItemType+CoreDataClass.swift */; };
		9100915B2417416B00978EE7 /* ItemType+CoreDataProperties.swift in Sources */ = {isa = PBXBuildFile; fileRef = 910091532417416B00978EE7 /* ItemType+CoreDataProperties.swift */; };
		9100915C2417416B00978EE7 /* Image+CoreDataClass.swift in Sources */ = {isa = PBXBuildFile; fileRef = 910091542417416B00978EE7 /* Image+CoreDataClass.swift */; };
		9100915D2417416B00978EE7 /* Image+CoreDataProperties.swift in Sources */ = {isa = PBXBuildFile; fileRef = 910091552417416B00978EE7 /* Image+CoreDataProperties.swift */; };
		910091642417476800978EE7 /* ItemCell.swift in Sources */ = {isa = PBXBuildFile; fileRef = 910091622417476800978EE7 /* ItemCell.swift */; };
		910091652417476800978EE7 /* ItemCell.xib in Resources */ = {isa = PBXBuildFile; fileRef = 910091632417476800978EE7 /* ItemCell.xib */; };
		9131A63F242647DD005F1682 /* ItemDetailsViewController.swift in Sources */ = {isa = PBXBuildFile; fileRef = 9131A63E242647DD005F1682 /* ItemDetailsViewController.swift */; };
		9131A64124264819005F1682 /* ItemDetailsViewController.storyboard in Resources */ = {isa = PBXBuildFile; fileRef = 9131A64024264819005F1682 /* ItemDetailsViewController.storyboard */; };
		9131A64324265167005F1682 /* CustomTextField.swift in Sources */ = {isa = PBXBuildFile; fileRef = 9131A64224265167005F1682 /* CustomTextField.swift */; };
		917926CB2415495F002AA72C /* AppDelegate.swift in Sources */ = {isa = PBXBuildFile; fileRef = 917926CA2415495F002AA72C /* AppDelegate.swift */; };
		917926CD2415495F002AA72C /* SceneDelegate.swift in Sources */ = {isa = PBXBuildFile; fileRef = 917926CC2415495F002AA72C /* SceneDelegate.swift */; };
		917926CF2415495F002AA72C /* MainViewController.swift in Sources */ = {isa = PBXBuildFile; fileRef = 917926CE2415495F002AA72C /* MainViewController.swift */; };
		917926D22415495F002AA72C /* MainViewController.storyboard in Resources */ = {isa = PBXBuildFile; fileRef = 917926D02415495F002AA72C /* MainViewController.storyboard */; };
		917926D724154962002AA72C /* Assets.xcassets in Resources */ = {isa = PBXBuildFile; fileRef = 917926D624154962002AA72C /* Assets.xcassets */; };
		917926DA24154962002AA72C /* LaunchScreen.storyboard in Resources */ = {isa = PBXBuildFile; fileRef = 917926D824154962002AA72C /* LaunchScreen.storyboard */; };
		91F4F026241B3EA900CB1D16 /* MaterialView.swift in Sources */ = {isa = PBXBuildFile; fileRef = 91F4F025241B3EA900CB1D16 /* MaterialView.swift */; };
		91F4F028241B43D700CB1D16 /* DreamLister.xcdatamodeld in Resources */ = {isa = PBXBuildFile; fileRef = 917926D32415495F002AA72C /* DreamLister.xcdatamodeld */; };
/* End PBXBuildFile section */

/* Begin PBXFileReference section */
		9100914E2417416B00978EE7 /* Item+CoreDataClass.swift */ = {isa = PBXFileReference; lastKnownFileType = sourcecode.swift; path = "Item+CoreDataClass.swift"; sourceTree = "<group>"; };
		9100914F2417416B00978EE7 /* Item+CoreDataProperties.swift */ = {isa = PBXFileReference; lastKnownFileType = sourcecode.swift; path = "Item+CoreDataProperties.swift"; sourceTree = "<group>"; };
		910091502417416B00978EE7 /* Store+CoreDataClass.swift */ = {isa = PBXFileReference; lastKnownFileType = sourcecode.swift; path = "Store+CoreDataClass.swift"; sourceTree = "<group>"; };
		910091512417416B00978EE7 /* Store+CoreDataProperties.swift */ = {isa = PBXFileReference; lastKnownFileType = sourcecode.swift; path = "Store+CoreDataProperties.swift"; sourceTree = "<group>"; };
		910091522417416B00978EE7 /* ItemType+CoreDataClass.swift */ = {isa = PBXFileReference; lastKnownFileType = sourcecode.swift; path = "ItemType+CoreDataClass.swift"; sourceTree = "<group>"; };
		910091532417416B00978EE7 /* ItemType+CoreDataProperties.swift */ = {isa = PBXFileReference; lastKnownFileType = sourcecode.swift; path = "ItemType+CoreDataProperties.swift"; sourceTree = "<group>"; };
		910091542417416B00978EE7 /* Image+CoreDataClass.swift */ = {isa = PBXFileReference; lastKnownFileType = sourcecode.swift; path = "Image+CoreDataClass.swift"; sourceTree = "<group>"; };
		910091552417416B00978EE7 /* Image+CoreDataProperties.swift */ = {isa = PBXFileReference; lastKnownFileType = sourcecode.swift; path = "Image+CoreDataProperties.swift"; sourceTree = "<group>"; };
		910091622417476800978EE7 /* ItemCell.swift */ = {isa = PBXFileReference; lastKnownFileType = sourcecode.swift; path = ItemCell.swift; sourceTree = "<group>"; };
		910091632417476800978EE7 /* ItemCell.xib */ = {isa = PBXFileReference; lastKnownFileType = file.xib; path = ItemCell.xib; sourceTree = "<group>"; };
		9131A63E242647DD005F1682 /* ItemDetailsViewController.swift */ = {isa = PBXFileReference; lastKnownFileType = sourcecode.swift; path = ItemDetailsViewController.swift; sourceTree = "<group>"; };
		9131A64024264819005F1682 /* ItemDetailsViewController.storyboard */ = {isa = PBXFileReference; lastKnownFileType = file.storyboard; path = ItemDetailsViewController.storyboard; sourceTree = "<group>"; };
		9131A64224265167005F1682 /* CustomTextField.swift */ = {isa = PBXFileReference; fileEncoding = 4; lastKnownFileType = sourcecode.swift; path = CustomTextField.swift; sourceTree = "<group>"; };
		917926C72415495F002AA72C /* DreamLister.app */ = {isa = PBXFileReference; explicitFileType = wrapper.application; includeInIndex = 0; path = DreamLister.app; sourceTree = BUILT_PRODUCTS_DIR; };
		917926CA2415495F002AA72C /* AppDelegate.swift */ = {isa = PBXFileReference; lastKnownFileType = sourcecode.swift; path = AppDelegate.swift; sourceTree = "<group>"; };
		917926CC2415495F002AA72C /* SceneDelegate.swift */ = {isa = PBXFileReference; lastKnownFileType = sourcecode.swift; path = SceneDelegate.swift; sourceTree = "<group>"; };
		917926CE2415495F002AA72C /* MainViewController.swift */ = {isa = PBXFileReference; lastKnownFileType = sourcecode.swift; path = MainViewController.swift; sourceTree = "<group>"; };
		917926D12415495F002AA72C /* Base */ = {isa = PBXFileReference; lastKnownFileType = file.storyboard; name = Base; path = Base.lproj/MainViewController.storyboard; sourceTree = "<group>"; };
		917926D42415495F002AA72C /* DreamLister.xcdatamodel */ = {isa = PBXFileReference; lastKnownFileType = wrapper.xcdatamodel; path = DreamLister.xcdatamodel; sourceTree = "<group>"; };
		917926D624154962002AA72C /* Assets.xcassets */ = {isa = PBXFileReference; lastKnownFileType = folder.assetcatalog; path = Assets.xcassets; sourceTree = "<group>"; };
		917926D924154962002AA72C /* Base */ = {isa = PBXFileReference; lastKnownFileType = file.storyboard; name = Base; path = Base.lproj/LaunchScreen.storyboard; sourceTree = "<group>"; };
		917926DB24154962002AA72C /* Info.plist */ = {isa = PBXFileReference; lastKnownFileType = text.plist.xml; path = Info.plist; sourceTree = "<group>"; };
		91F4F025241B3EA900CB1D16 /* MaterialView.swift */ = {isa = PBXFileReference; lastKnownFileType = sourcecode.swift; path = MaterialView.swift; sourceTree = "<group>"; };
/* End PBXFileReference section */

/* Begin PBXFrameworksBuildPhase section */
		917926C42415495F002AA72C /* Frameworks */ = {
			isa = PBXFrameworksBuildPhase;
			buildActionMask = 2147483647;
			files = (
			);
			runOnlyForDeploymentPostprocessing = 0;
		};
/* End PBXFrameworksBuildPhase section */

/* Begin PBXGroup section */
		9100915E241741A900978EE7 /* Model */ = {
			isa = PBXGroup;
			children = (
				9100914E2417416B00978EE7 /* Item+CoreDataClass.swift */,
				910091502417416B00978EE7 /* Store+CoreDataClass.swift */,
				910091522417416B00978EE7 /* ItemType+CoreDataClass.swift */,
				910091542417416B00978EE7 /* Image+CoreDataClass.swift */,
				9100915F241741B100978EE7 /* Generated */,
			);
			path = Model;
			sourceTree = "<group>";
		};
		9100915F241741B100978EE7 /* Generated */ = {
			isa = PBXGroup;
			children = (
				9100914F2417416B00978EE7 /* Item+CoreDataProperties.swift */,
				910091512417416B00978EE7 /* Store+CoreDataProperties.swift */,
				910091532417416B00978EE7 /* ItemType+CoreDataProperties.swift */,
				910091552417416B00978EE7 /* Image+CoreDataProperties.swift */,
			);
			path = Generated;
			sourceTree = "<group>";
		};
		91009160241746C300978EE7 /* MainViewController */ = {
			isa = PBXGroup;
			children = (
				917926CE2415495F002AA72C /* MainViewController.swift */,
				917926D02415495F002AA72C /* MainViewController.storyboard */,
				910091612417472A00978EE7 /* TableViewCell */,
			);
			path = MainViewController;
			sourceTree = "<group>";
		};
		910091612417472A00978EE7 /* TableViewCell */ = {
			isa = PBXGroup;
			children = (
				910091622417476800978EE7 /* ItemCell.swift */,
				910091632417476800978EE7 /* ItemCell.xib */,
			);
			path = TableViewCell;
			sourceTree = "<group>";
		};
		9131A63C24264744005F1682 /* Controller */ = {
			isa = PBXGroup;
			children = (
				91009160241746C300978EE7 /* MainViewController */,
				9131A63D24264772005F1682 /* ItemDetailsViewController */,
			);
			path = Controller;
			sourceTree = "<group>";
		};
		9131A63D24264772005F1682 /* ItemDetailsViewController */ = {
			isa = PBXGroup;
			children = (
				9131A63E242647DD005F1682 /* ItemDetailsViewController.swift */,
				9131A64024264819005F1682 /* ItemDetailsViewController.storyboard */,
			);
			path = ItemDetailsViewController;
			sourceTree = "<group>";
		};
		917926BE2415495F002AA72C = {
			isa = PBXGroup;
			children = (
				9100915E241741A900978EE7 /* Model */,
				917926C92415495F002AA72C /* DreamLister */,
				917926C82415495F002AA72C /* Products */,
			);
			sourceTree = "<group>";
		};
		917926C82415495F002AA72C /* Products */ = {
			isa = PBXGroup;
			children = (
				917926C72415495F002AA72C /* DreamLister.app */,
			);
			name = Products;
			sourceTree = "<group>";
		};
		917926C92415495F002AA72C /* DreamLister */ = {
			isa = PBXGroup;
			children = (
				91F4F022241B3AB600CB1D16 /* View */,
				9131A63C24264744005F1682 /* Controller */,
				917926CA2415495F002AA72C /* AppDelegate.swift */,
				917926CC2415495F002AA72C /* SceneDelegate.swift */,
				917926D624154962002AA72C /* Assets.xcassets */,
				917926D824154962002AA72C /* LaunchScreen.storyboard */,
				917926DB24154962002AA72C /* Info.plist */,
				917926D32415495F002AA72C /* DreamLister.xcdatamodeld */,
			);
			path = DreamLister;
			sourceTree = "<group>";
		};
		91F4F022241B3AB600CB1D16 /* View */ = {
			isa = PBXGroup;
			children = (
				91F4F025241B3EA900CB1D16 /* MaterialView.swift */,
				9131A64224265167005F1682 /* CustomTextField.swift */,
			);
			path = View;
			sourceTree = "<group>";
		};
/* End PBXGroup section */

/* Begin PBXNativeTarget section */
		917926C62415495F002AA72C /* DreamLister */ = {
			isa = PBXNativeTarget;
			buildConfigurationList = 917926DE24154962002AA72C /* Build configuration list for PBXNativeTarget "DreamLister" */;
			buildPhases = (
				917926C32415495F002AA72C /* Sources */,
				917926C42415495F002AA72C /* Frameworks */,
				917926C52415495F002AA72C /* Resources */,
			);
			buildRules = (
			);
			dependencies = (
			);
			name = DreamLister;
			productName = DreamLister;
			productReference = 917926C72415495F002AA72C /* DreamLister.app */;
			productType = "com.apple.product-type.application";
		};
/* End PBXNativeTarget section */

/* Begin PBXProject section */
		917926BF2415495F002AA72C /* Project object */ = {
			isa = PBXProject;
			attributes = {
				LastSwiftUpdateCheck = 1130;
				LastUpgradeCheck = 1130;
				ORGANIZATIONNAME = "Mehmet Eroğlu";
				TargetAttributes = {
					917926C62415495F002AA72C = {
						CreatedOnToolsVersion = 11.3.1;
					};
				};
			};
			buildConfigurationList = 917926C22415495F002AA72C /* Build configuration list for PBXProject "DreamLister" */;
			compatibilityVersion = "Xcode 9.3";
			developmentRegion = en;
			hasScannedForEncodings = 0;
			knownRegions = (
				en,
				Base,
			);
			mainGroup = 917926BE2415495F002AA72C;
			productRefGroup = 917926C82415495F002AA72C /* Products */;
			projectDirPath = "";
			projectRoot = "";
			targets = (
				917926C62415495F002AA72C /* DreamLister */,
			);
		};
/* End PBXProject section */

/* Begin PBXResourcesBuildPhase section */
		917926C52415495F002AA72C /* Resources */ = {
			isa = PBXResourcesBuildPhase;
			buildActionMask = 2147483647;
			files = (
				91F4F028241B43D700CB1D16 /* DreamLister.xcdatamodeld in Resources */,
				917926DA24154962002AA72C /* LaunchScreen.storyboard in Resources */,
				917926D724154962002AA72C /* Assets.xcassets in Resources */,
				910091652417476800978EE7 /* ItemCell.xib in Resources */,
				917926D22415495F002AA72C /* MainViewController.storyboard in Resources */,
				9131A64124264819005F1682 /* ItemDetailsViewController.storyboard in Resources */,
			);
			runOnlyForDeploymentPostprocessing = 0;
		};
/* End PBXResourcesBuildPhase section */

/* Begin PBXSourcesBuildPhase section */
		917926C32415495F002AA72C /* Sources */ = {
			isa = PBXSourcesBuildPhase;
			buildActionMask = 2147483647;
			files = (
				910091572417416B00978EE7 /* Item+CoreDataProperties.swift in Sources */,
				910091592417416B00978EE7 /* Store+CoreDataProperties.swift in Sources */,
				910091562417416B00978EE7 /* Item+CoreDataClass.swift in Sources */,
				9100915D2417416B00978EE7 /* Image+CoreDataProperties.swift in Sources */,
				91F4F026241B3EA900CB1D16 /* MaterialView.swift in Sources */,
				910091642417476800978EE7 /* ItemCell.swift in Sources */,
				917926CF2415495F002AA72C /* MainViewController.swift in Sources */,
				9100915C2417416B00978EE7 /* Image+CoreDataClass.swift in Sources */,
				917926CB2415495F002AA72C /* AppDelegate.swift in Sources */,
				9100915B2417416B00978EE7 /* ItemType+CoreDataProperties.swift in Sources */,
				9100915A2417416B00978EE7 /* ItemType+CoreDataClass.swift in Sources */,
				910091582417416B00978EE7 /* Store+CoreDataClass.swift in Sources */,
				9131A63F242647DD005F1682 /* ItemDetailsViewController.swift in Sources */,
				917926CD2415495F002AA72C /* SceneDelegate.swift in Sources */,
				9131A64324265167005F1682 /* CustomTextField.swift in Sources */,
			);
			runOnlyForDeploymentPostprocessing = 0;
		};
/* End PBXSourcesBuildPhase section */

/* Begin PBXVariantGroup section */
		917926D02415495F002AA72C /* MainViewController.storyboard */ = {
			isa = PBXVariantGroup;
			children = (
				917926D12415495F002AA72C /* Base */,
			);
			name = MainViewController.storyboard;
			sourceTree = "<group>";
		};
		917926D824154962002AA72C /* LaunchScreen.storyboard */ = {
			isa = PBXVariantGroup;
			children = (
				917926D924154962002AA72C /* Base */,
			);
			name = LaunchScreen.storyboard;
			sourceTree = "<group>";
		};
/* End PBXVariantGroup section */

/* Begin XCBuildConfiguration section */
		917926DC24154962002AA72C /* Debug */ = {
			isa = XCBuildConfiguration;
			buildSettings = {
				ALWAYS_SEARCH_USER_PATHS = NO;
				CLANG_ANALYZER_NONNULL = YES;
				CLANG_ANALYZER_NUMBER_OBJECT_CONVERSION = YES_AGGRESSIVE;
				CLANG_CXX_LANGUAGE_STANDARD = "gnu++14";
				CLANG_CXX_LIBRARY = "libc++";
				CLANG_ENABLE_MODULES = YES;
				CLANG_ENABLE_OBJC_ARC = YES;
				CLANG_ENABLE_OBJC_WEAK = YES;
				CLANG_WARN_BLOCK_CAPTURE_AUTORELEASING = YES;
				CLANG_WARN_BOOL_CONVERSION = YES;
				CLANG_WARN_COMMA = YES;
				CLANG_WARN_CONSTANT_CONVERSION = YES;
				CLANG_WARN_DEPRECATED_OBJC_IMPLEMENTATIONS = YES;
				CLANG_WARN_DIRECT_OBJC_ISA_USAGE = YES_ERROR;
				CLANG_WARN_DOCUMENTATION_COMMENTS = YES;
				CLANG_WARN_EMPTY_BODY = YES;
				CLANG_WARN_ENUM_CONVERSION = YES;
				CLANG_WARN_INFINITE_RECURSION = YES;
				CLANG_WARN_INT_CONVERSION = YES;
				CLANG_WARN_NON_LITERAL_NULL_CONVERSION = YES;
				CLANG_WARN_OBJC_IMPLICIT_RETAIN_SELF = YES;
				CLANG_WARN_OBJC_LITERAL_CONVERSION = YES;
				CLANG_WARN_OBJC_ROOT_CLASS = YES_ERROR;
				CLANG_WARN_RANGE_LOOP_ANALYSIS = YES;
				CLANG_WARN_STRICT_PROTOTYPES = YES;
				CLANG_WARN_SUSPICIOUS_MOVE = YES;
				CLANG_WARN_UNGUARDED_AVAILABILITY = YES_AGGRESSIVE;
				CLANG_WARN_UNREACHABLE_CODE = YES;
				CLANG_WARN__DUPLICATE_METHOD_MATCH = YES;
				COPY_PHASE_STRIP = NO;
				DEBUG_INFORMATION_FORMAT = dwarf;
				ENABLE_STRICT_OBJC_MSGSEND = YES;
				ENABLE_TESTABILITY = YES;
				GCC_C_LANGUAGE_STANDARD = gnu11;
				GCC_DYNAMIC_NO_PIC = NO;
				GCC_NO_COMMON_BLOCKS = YES;
				GCC_OPTIMIZATION_LEVEL = 0;
				GCC_PREPROCESSOR_DEFINITIONS = (
					"DEBUG=1",
					"$(inherited)",
				);
				GCC_WARN_64_TO_32_BIT_CONVERSION = YES;
				GCC_WARN_ABOUT_RETURN_TYPE = YES_ERROR;
				GCC_WARN_UNDECLARED_SELECTOR = YES;
				GCC_WARN_UNINITIALIZED_AUTOS = YES_AGGRESSIVE;
				GCC_WARN_UNUSED_FUNCTION = YES;
				GCC_WARN_UNUSED_VARIABLE = YES;
				IPHONEOS_DEPLOYMENT_TARGET = 13.2;
				MTL_ENABLE_DEBUG_INFO = INCLUDE_SOURCE;
				MTL_FAST_MATH = YES;
				ONLY_ACTIVE_ARCH = YES;
				SDKROOT = iphoneos;
				SWIFT_ACTIVE_COMPILATION_CONDITIONS = DEBUG;
				SWIFT_OPTIMIZATION_LEVEL = "-Onone";
			};
			name = Debug;
		};
		917926DD24154962002AA72C /* Release */ = {
			isa = XCBuildConfiguration;
			buildSettings = {
				ALWAYS_SEARCH_USER_PATHS = NO;
				CLANG_ANALYZER_NONNULL = YES;
				CLANG_ANALYZER_NUMBER_OBJECT_CONVERSION = YES_AGGRESSIVE;
				CLANG_CXX_LANGUAGE_STANDARD = "gnu++14";
				CLANG_CXX_LIBRARY = "libc++";
				CLANG_ENABLE_MODULES = YES;
				CLANG_ENABLE_OBJC_ARC = YES;
				CLANG_ENABLE_OBJC_WEAK = YES;
				CLANG_WARN_BLOCK_CAPTURE_AUTORELEASING = YES;
				CLANG_WARN_BOOL_CONVERSION = YES;
				CLANG_WARN_COMMA = YES;
				CLANG_WARN_CONSTANT_CONVERSION = YES;
				CLANG_WARN_DEPRECATED_OBJC_IMPLEMENTATIONS = YES;
				CLANG_WARN_DIRECT_OBJC_ISA_USAGE = YES_ERROR;
				CLANG_WARN_DOCUMENTATION_COMMENTS = YES;
				CLANG_WARN_EMPTY_BODY = YES;
				CLANG_WARN_ENUM_CONVERSION = YES;
				CLANG_WARN_INFINITE_RECURSION = YES;
				CLANG_WARN_INT_CONVERSION = YES;
				CLANG_WARN_NON_LITERAL_NULL_CONVERSION = YES;
				CLANG_WARN_OBJC_IMPLICIT_RETAIN_SELF = YES;
				CLANG_WARN_OBJC_LITERAL_CONVERSION = YES;
				CLANG_WARN_OBJC_ROOT_CLASS = YES_ERROR;
				CLANG_WARN_RANGE_LOOP_ANALYSIS = YES;
				CLANG_WARN_STRICT_PROTOTYPES = YES;
				CLANG_WARN_SUSPICIOUS_MOVE = YES;
				CLANG_WARN_UNGUARDED_AVAILABILITY = YES_AGGRESSIVE;
				CLANG_WARN_UNREACHABLE_CODE = YES;
				CLANG_WARN__DUPLICATE_METHOD_MATCH = YES;
				COPY_PHASE_STRIP = NO;
				DEBUG_INFORMATION_FORMAT = "dwarf-with-dsym";
				ENABLE_NS_ASSERTIONS = NO;
				ENABLE_STRICT_OBJC_MSGSEND = YES;
				GCC_C_LANGUAGE_STANDARD = gnu11;
				GCC_NO_COMMON_BLOCKS = YES;
				GCC_WARN_64_TO_32_BIT_CONVERSION = YES;
				GCC_WARN_ABOUT_RETURN_TYPE = YES_ERROR;
				GCC_WARN_UNDECLARED_SELECTOR = YES;
				GCC_WARN_UNINITIALIZED_AUTOS = YES_AGGRESSIVE;
				GCC_WARN_UNUSED_FUNCTION = YES;
				GCC_WARN_UNUSED_VARIABLE = YES;
				IPHONEOS_DEPLOYMENT_TARGET = 13.2;
				MTL_ENABLE_DEBUG_INFO = NO;
				MTL_FAST_MATH = YES;
				SDKROOT = iphoneos;
				SWIFT_COMPILATION_MODE = wholemodule;
				SWIFT_OPTIMIZATION_LEVEL = "-O";
				VALIDATE_PRODUCT = YES;
			};
			name = Release;
		};
		917926DF24154962002AA72C /* Debug */ = {
			isa = XCBuildConfiguration;
			buildSettings = {
				ASSETCATALOG_COMPILER_APPICON_NAME = AppIcon;
				CODE_SIGN_STYLE = Automatic;
				INFOPLIST_FILE = DreamLister/Info.plist;
				LD_RUNPATH_SEARCH_PATHS = (
					"$(inherited)",
					"@executable_path/Frameworks",
				);
				PRODUCT_BUNDLE_IDENTIFIER = com.Meroglu.DreamLister;
				PRODUCT_NAME = "$(TARGET_NAME)";
				SWIFT_VERSION = 5.0;
				TARGETED_DEVICE_FAMILY = "1,2";
			};
			name = Debug;
		};
		917926E024154962002AA72C /* Release */ = {
			isa = XCBuildConfiguration;
			buildSettings = {
				ASSETCATALOG_COMPILER_APPICON_NAME = AppIcon;
				CODE_SIGN_STYLE = Automatic;
				INFOPLIST_FILE = DreamLister/Info.plist;
				LD_RUNPATH_SEARCH_PATHS = (
					"$(inherited)",
					"@executable_path/Frameworks",
				);
				PRODUCT_BUNDLE_IDENTIFIER = com.Meroglu.DreamLister;
				PRODUCT_NAME = "$(TARGET_NAME)";
				SWIFT_VERSION = 5.0;
				TARGETED_DEVICE_FAMILY = "1,2";
			};
			name = Release;
		};
/* End XCBuildConfiguration section */

/* Begin XCConfigurationList section */
		917926C22415495F002AA72C /* Build configuration list for PBXProject "DreamLister" */ = {
			isa = XCConfigurationList;
			buildConfigurations = (
				917926DC24154962002AA72C /* Debug */,
				917926DD24154962002AA72C /* Release */,
			);
			defaultConfigurationIsVisible = 0;
			defaultConfigurationName = Release;
		};
		917926DE24154962002AA72C /* Build configuration list for PBXNativeTarget "DreamLister" */ = {
			isa = XCConfigurationList;
			buildConfigurations = (
				917926DF24154962002AA72C /* Debug */,
				917926E024154962002AA72C /* Release */,
			);
			defaultConfigurationIsVisible = 0;
			defaultConfigurationName = Release;
		};
/* End XCConfigurationList section */

/* Begin XCVersionGroup section */
		917926D32415495F002AA72C /* DreamLister.xcdatamodeld */ = {
			isa = XCVersionGroup;
			children = (
				917926D42415495F002AA72C /* DreamLister.xcdatamodel */,
			);
			currentVersion = 917926D42415495F002AA72C /* DreamLister.xcdatamodel */;
			path = DreamLister.xcdatamodeld;
			sourceTree = "<group>";
			versionGroupType = wrapper.xcdatamodel;
		};
/* End XCVersionGroup section */
	};
	rootObject = 917926BF2415495F002AA72C /* Project object */;
}
